
Microsoft Visual Studio Solution File, Format Version 12.00
# Visual Studio Version 17
VisualStudioVersion = 17.14.36414.22 d17.14
MinimumVisualStudioVersion = 10.0.40219.1
Project("{FAE04EC0-301F-11D3-BF4B-00C04F79EFBC}") = "PCAMPO1ControlesFormulario", "PCAMPO1ControlesFormulario\PCAMPO1ControlesFormulario.csproj", "{81084C6E-966B-4840-97C6-4F0E97A1D69B}"
EndProject
Global
	GlobalSection(SolutionConfigurationPlatforms) = preSolution
		Debug|Any CPU = Debug|Any CPU
		Release|Any CPU = Release|Any CPU
	EndGlobalSection
	GlobalSection(ProjectConfigurationPlatforms) = postSolution
		{81084C6E-966B-4840-97C6-4F0E97A1D69B}.Debug|Any CPU.ActiveCfg = Debug|Any CPU
		{81084C6E-966B-4840-97C6-4F0E97A1D69B}.Debug|Any CPU.Build.0 = Debug|Any CPU
		{81084C6E-966B-4840-97C6-4F0E97A1D69B}.Release|Any CPU.ActiveCfg = Release|Any CPU
		{81084C6E-966B-4840-97C6-4F0E97A1D69B}.Release|Any CPU.Build.0 = Release|Any CPU
	EndGlobalSection
	GlobalSection(SolutionProperties) = preSolution
		HideSolutionNode = FALSE
	EndGlobalSection
	GlobalSection(ExtensibilityGlobals) = postSolution
		SolutionGuid = {ABC2AAC8-4B93-4459-8DFE-F572D2C156A6}
	EndGlobalSection
EndGlobal
